
Microsoft Visual Studio Solution File, Format Version 12.00
# Visual Studio Version 17
VisualStudioVersion = 17.8.34601.278
MinimumVisualStudioVersion = 10.0.40219.1
Project("{FAE04EC0-301F-11D3-BF4B-00C04F79EFBC}") = "ASPDotNetCoreWithIdentity", "ASPDotNetCoreWithIdentity.csproj", "{5E8FF27A-6CA9-48ED-8D39-95A1B5B17C1E}"
EndProject
Global
	GlobalSection(SolutionConfigurationPlatforms) = preSolution
		Debug|Any CPU = Debug|Any CPU
		Release|Any CPU = Release|Any CPU
	EndGlobalSection
	GlobalSection(ProjectConfigurationPlatforms) = postSolution
		{5E8FF27A-6CA9-48ED-8D39-95A1B5B17C1E}.Debug|Any CPU.ActiveCfg = Debug|Any CPU
		{5E8FF27A-6CA9-48ED-8D39-95A1B5B17C1E}.Debug|Any CPU.Build.0 = Debug|Any CPU
		{5E8FF27A-6CA9-48ED-8D39-95A1B5B17C1E}.Release|Any CPU.ActiveCfg = Release|Any CPU
		{5E8FF27A-6CA9-48ED-8D39-95A1B5B17C1E}.Release|Any CPU.Build.0 = Release|Any CPU
	EndGlobalSection
	GlobalSection(SolutionProperties) = preSolution
		HideSolutionNode = FALSE
	EndGlobalSection
	GlobalSection(ExtensibilityGlobals) = postSolution
		SolutionGuid = {5149A3FE-08F3-4A4C-B4C9-00BC2816CE3D}
	EndGlobalSection
EndGlobal
